
Microsoft Visual Studio Solution File, Format Version 12.00
# Visual Studio 15
VisualStudioVersion = 15.0.27130.2024
MinimumVisualStudioVersion = 10.0.40219.1
Project("{FAE04EC0-301F-11D3-BF4B-00C04F79EFBC}") = "MacroHotkey", "MacroHotkey\MacroHotkey.csproj", "{62A76181-E599-43D4-B8D2-839AE4249401}"
EndProject
Global
	GlobalSection(SolutionConfigurationPlatforms) = preSolution
		Debug|Any CPU = Debug|Any CPU
		Release|Any CPU = Release|Any CPU
	EndGlobalSection
	GlobalSection(ProjectConfigurationPlatforms) = postSolution
		{62A76181-E599-43D4-B8D2-839AE4249401}.Debug|Any CPU.ActiveCfg = Debug|Any CPU
		{62A76181-E599-43D4-B8D2-839AE4249401}.Debug|Any CPU.Build.0 = Debug|Any CPU
		{62A76181-E599-43D4-B8D2-839AE4249401}.Release|Any CPU.ActiveCfg = Release|Any CPU
		{62A76181-E599-43D4-B8D2-839AE4249401}.Release|Any CPU.Build.0 = Release|Any CPU
	EndGlobalSection
	GlobalSection(SolutionProperties) = preSolution
		HideSolutionNode = FALSE
	EndGlobalSection
	GlobalSection(ExtensibilityGlobals) = postSolution
		SolutionGuid = {F2055656-E760-4678-A5E6-936FE5137DB5}
	EndGlobalSection
EndGlobal
